{
  "name": "bszet-vplan",
  "version": "1.0.0",
  "lockfileVersion": 1,
  "requires": true,
  "dependencies": {
    "@cloudflare/workers-types": {
      "version": "2.2.2",
      "resolved": "https://registry.npmjs.org/@cloudflare/workers-types/-/workers-types-2.2.2.tgz",
      "integrity": "sha512-kaMn2rueJ0PL1TYVGknTCh0X0x0d9G+FNXAFep7/4uqecEZoQb/63o6rOmMuiqI09zLuHV6xhKRXinokV/MY9A==",
      "dev": true
    },
    "itty-router": {
      "version": "2.4.2",
      "resolved": "https://registry.npmjs.org/itty-router/-/itty-router-2.4.2.tgz",
      "integrity": "sha512-VCJPoGKYrCoFSGQ9kko5prt66SHVppde498kj9XkMuZVrLCaG6xSIMIz/qaqW/mWk34BJPYGzhvWMf6l8g/CnA=="
    },
    "prettier": {
      "version": "2.4.0",
      "resolved": "https://registry.npmjs.org/prettier/-/prettier-2.4.0.tgz",
      "integrity": "sha512-DsEPLY1dE5HF3BxCRBmD4uYZ+5DCbvatnolqTqcxEgKVZnL2kUfyu7b8pPQ5+hTBkdhU9SLUmK0/pHb07RE4WQ==",
      "dev": true
    }
  }
}
